
Microsoft Visual Studio Solution File, Format Version 12.00
# Visual Studio Version 16
VisualStudioVersion = 16.0.29324.140
MinimumVisualStudioVersion = 10.0.40219.1
Project("{9A19103F-16F7-4668-BE54-9A1E7A4F7556}") = "QandA", "QandA.csproj", "{B3634B4C-2DFA-4AA5-A4E8-9AF4CAE27F23}"
EndProject
Global
	GlobalSection(SolutionConfigurationPlatforms) = preSolution
		Debug|Any CPU = Debug|Any CPU
		Release|Any CPU = Release|Any CPU
	EndGlobalSection
	GlobalSection(ProjectConfigurationPlatforms) = postSolution
		{B3634B4C-2DFA-4AA5-A4E8-9AF4CAE27F23}.Debug|Any CPU.ActiveCfg = Debug|Any CPU
		{B3634B4C-2DFA-4AA5-A4E8-9AF4CAE27F23}.Debug|Any CPU.Build.0 = Debug|Any CPU
		{B3634B4C-2DFA-4AA5-A4E8-9AF4CAE27F23}.Release|Any CPU.ActiveCfg = Release|Any CPU
		{B3634B4C-2DFA-4AA5-A4E8-9AF4CAE27F23}.Release|Any CPU.Build.0 = Release|Any CPU
	EndGlobalSection
	GlobalSection(SolutionProperties) = preSolution
		HideSolutionNode = FALSE
	EndGlobalSection
	GlobalSection(ExtensibilityGlobals) = postSolution
		SolutionGuid = {F84026C8-869C-47A7-A149-8EBCCAD06842}
	EndGlobalSection
EndGlobal
